<?xml version="1.0" encoding="utf-8"?>
<Project ToolsVersion="4.0" xmlns="http://schemas.microsoft.com/developer/msbuild/2003">
  <ItemGroup>
    <Filter Include="Archivos de origen">
      <UniqueIdentifier>{4FC737F1-C7A5-4376-A066-2A32D752A2FF}</UniqueIdentifier>
      <Extensions>cpp;c;cc;cxx;c++;def;odl;idl;hpj;bat;asm;asmx</Extensions>
    </Filter>
    <Filter Include="Archivos de encabezado">
      <UniqueIdentifier>{93995380-89BD-4b04-88EB-625FBE52EBFB}</UniqueIdentifier>
      <Extensions>h;hh;hpp;hxx;h++;hm;inl;inc;ipp;xsd</Extensions>
    </Filter>
    <Filter Include="Archivos de recursos">
      <UniqueIdentifier>{67DA6AB6-F800-4c08-8B7A-83BB121AAD01}</UniqueIdentifier>
      <Extensions>rc;ico;cur;bmp;dlg;rc2;rct;bin;rgs;gif;jpg;jpeg;jpe;resx;tiff;tif;png;wav;mfcribbon-ms</Extensions>
    </Filter>
    <Filter Include="Lab2">
      <UniqueIdentifier>{ae443603-b315-4875-a2e2-ffb87122fdb2}</UniqueIdentifier>
    </Filter>
    <Filter Include="Lab3">
      <UniqueIdentifier>{4df37be7-5389-4840-b08e-903a0a1959d8}</UniqueIdentifier>
    </Filter>
    <Filter Include="Lab5">
      <UniqueIdentifier>{78f93862-dbc8-45df-aa77-e26e38c0677d}</UniqueIdentifier>
    </Filter>
    <Filter Include="Lab6">
      <UniqueIdentifier>{de17f990-e416-4b34-9ee3-b487f21d50c8}</UniqueIdentifier>
    </Filter>
  </ItemGroup>
  <ItemGroup>
    <ClCompile Include="LabsCS.cpp">
      <Filter>Archivos de origen</Filter>
    </ClCompile>
    <ClCompile Include="Lab5\Node.cpp">
      <Filter>Lab5</Filter>
    </ClCompile>
    <ClCompile Include="Lab5\LinkedList.cpp">
      <Filter>Lab5</Filter>
    </ClCompile>
    <ClCompile Include="Curso.cpp">
      <Filter>Archivos de origen</Filter>
    </ClCompile>
  </ItemGroup>
  <ItemGroup>
    <ClInclude Include="Lab5\Node.h">
      <Filter>Lab5</Filter>
    </ClInclude>
    <ClInclude Include="Lab5\LinkedList.h">
      <Filter>Lab5</Filter>
    </ClInclude>
    <ClInclude Include="Lab6\Node.h">
      <Filter>Lab6</Filter>
    </ClInclude>
    <ClInclude Include="Lab6\LinkedList.h">
      <Filter>Lab6</Filter>
    </ClInclude>
    <ClInclude Include="Curso.h">
      <Filter>Archivos de encabezado</Filter>
    </ClInclude>
  </ItemGroup>
</Project>